lockfileVersion: '9.0'

settings:
  autoInstallPeers: true
  excludeLinksFromLockfile: false

importers:

  .:
    dependencies:
      clipboardy:
        specifier: ^4.0.0
        version: 4.0.0
      ink:
        specifier: ^5.2.0
        version: 5.2.0(@types/react@19.1.0)(react@18.3.1)
      ink-select-input:
        specifier: ^6.0.0
        version: 6.0.0(ink@5.2.0(@types/react@19.1.0)(react@18.3.1))(react@18.3.1)
      ink-text-input:
        specifier: ^6.0.0
        version: 6.0.0(ink@5.2.0(@types/react@19.1.0)(react@18.3.1))(react@18.3.1)
      react:
        specifier: ^18.3.1
        version: 18.3.1
    devDependencies:
      '@biomejs/biome':
        specifier: ^1.9.4
        version: 1.9.4
      '@rsbuild/plugin-react':
        specifier: ^1.1.1
        version: 1.1.1(@rsbuild/core@1.3.1)
      '@rslib/core':
        specifier: ^0.6.1
        version: 0.6.1(typescript@5.8.3)
      '@types/node':
        specifier: ^22.14.0
        version: 22.14.0
      '@types/react':
        specifier: ^19.1.0
        version: 19.1.0
      '@types/react-dom':
        specifier: ^19.1.1
        version: 19.1.1(@types/react@19.1.0)
      typescript:
        specifier: ^5.8.2
        version: 5.8.3

packages:

  '@alcalzone/ansi-tokenize@0.1.3':
    resolution: {integrity: sha512-3yWxPTq3UQ/FY9p1ErPxIyfT64elWaMvM9lIHnaqpyft63tkxodF5aUElYHrdisWve5cETkh1+KBw1yJuW0aRw==}
    engines: {node: '>=14.13.1'}

  '@ast-grep/napi-darwin-arm64@0.36.2':
    resolution: {integrity: sha512-0dzW+5SRuUxAlfwgMiUWXSvvyVD3nffzLtH5RhH2a1VXbQxi2UFWZqtfhv6e27iIUTnPfZDnZGNRw8FZgttMfQ==}
    engines: {node: '>= 10'}
    cpu: [arm64]
    os: [darwin]

  '@ast-grep/napi-darwin-x64@0.36.2':
    resolution: {integrity: sha512-7TPdnq55OBXGcJLDARObI5BUFbp0AVRMGEzjnIBMWbRSowlDVTH7qBWwNAYk4auCdkwG8EBL40BUIHmagzpoCw==}
    engines: {node: '>= 10'}
    cpu: [x64]
    os: [darwin]

  '@ast-grep/napi-linux-arm64-gnu@0.36.2':
    resolution: {integrity: sha512-/h51eEnEYCq4bclzhynH+964LQXDKXgNb2Un+Y9TLOU8VRaGNawTkZkFq+iBp8T1hl0CznnsQQsg+9pHDHprHQ==}
    engines: {node: '>= 10'}
    cpu: [arm64]
    os: [linux]
    libc: [glibc]

  '@ast-grep/napi-linux-arm64-musl@0.36.2':
    resolution: {integrity: sha512-RIuk0VaQW2b5uOPJzuYFQBwMZIEVnp6maXPjnatUHxfniirSI172E7LtOU/FIEpCjU9Fpq23A79S43ImFt1KLA==}
    engines: {node: '>= 10'}
    cpu: [arm64]
    os: [linux]
    libc: [musl]

  '@ast-grep/napi-linux-x64-gnu@0.36.2':
    resolution: {integrity: sha512-Xmb50HPfRNi+iLtHp+8/dqiTd8tjArYxOdj1tZzjRndpKhFpQDVrcOnPFObDCRgxVeLovdql9A1ad6BMcEL01Q==}
    engines: {node: '>= 10'}
    cpu: [x64]
    os: [linux]
    libc: [glibc]

  '@ast-grep/napi-linux-x64-musl@0.36.2':
    resolution: {integrity: sha512-RSnqCsl3OBfJWh2rETtv3o7xd4QnbB2YTh6H6oYfFhhX0tlon/V+bUXI77hU2/W73hj9GHqWZsygsF43NXn/Hw==}
    engines: {node: '>= 10'}
    cpu: [x64]
    os: [linux]
    libc: [musl]

  '@ast-grep/napi-win32-arm64-msvc@0.36.2':
    resolution: {integrity: sha512-/Q85h8F9K2G8qig0lndZWb+ykCfhfpSN27F3i7Aw5C0Ph7S6vFH76xn3l3dJTZb2CwUSsv4JNoqmFmY4B8DExQ==}
    engines: {node: '>= 10'}
    cpu: [arm64]
    os: [win32]

  '@ast-grep/napi-win32-ia32-msvc@0.36.2':
    resolution: {integrity: sha512-bDdwErB7zf9DvRx3kNZyMKJb9by5ra24WAXSiVzI8MR387ibZP9UCTzKuGqPrbuZADYWiOgsg3nXMklyPFtmhQ==}
    engines: {node: '>= 10'}
    cpu: [ia32]
    os: [win32]

  '@ast-grep/napi-win32-x64-msvc@0.36.2':
    resolution: {integrity: sha512-LVZ2DqP9fRfyUceE0BGnlKoPmSx3dYYApSEUdt82Pn7jEVWpFFyTLFmZ9ILiCSaVc6urMJpKWdxAHFqDNNlGfg==}
    engines: {node: '>= 10'}
    cpu: [x64]
    os: [win32]

  '@ast-grep/napi@0.36.2':
    resolution: {integrity: sha512-ByenQQ0BtqqY0pvlmipvkDv/cKl/9vVjBydS7hloXOdmXPoUF0pHdlilC7ZfrRW97EzPQQZT2jgHl2tu7zg9QA==}
    engines: {node: '>= 10'}

  '@biomejs/biome@1.9.4':
    resolution: {integrity: sha512-1rkd7G70+o9KkTn5KLmDYXihGoTaIGO9PIIN2ZB7UJxFrWw04CZHPYiMRjYsaDvVV7hP1dYNRLxSANLaBFGpog==}
    engines: {node: '>=14.21.3'}
    hasBin: true

  '@biomejs/cli-darwin-arm64@1.9.4':
    resolution: {integrity: sha512-bFBsPWrNvkdKrNCYeAp+xo2HecOGPAy9WyNyB/jKnnedgzl4W4Hb9ZMzYNbf8dMCGmUdSavlYHiR01QaYR58cw==}
    engines: {node: '>=14.21.3'}
    cpu: [arm64]
    os: [darwin]

  '@biomejs/cli-darwin-x64@1.9.4':
    resolution: {integrity: sha512-ngYBh/+bEedqkSevPVhLP4QfVPCpb+4BBe2p7Xs32dBgs7rh9nY2AIYUL6BgLw1JVXV8GlpKmb/hNiuIxfPfZg==}
    engines: {node: '>=14.21.3'}
    cpu: [x64]
    os: [darwin]

  '@biomejs/cli-linux-arm64-musl@1.9.4':
    resolution: {integrity: sha512-v665Ct9WCRjGa8+kTr0CzApU0+XXtRgwmzIf1SeKSGAv+2scAlW6JR5PMFo6FzqqZ64Po79cKODKf3/AAmECqA==}
    engines: {node: '>=14.21.3'}
    cpu: [arm64]
    os: [linux]
    libc: [musl]

  '@biomejs/cli-linux-arm64@1.9.4':
    resolution: {integrity: sha512-fJIW0+LYujdjUgJJuwesP4EjIBl/N/TcOX3IvIHJQNsAqvV2CHIogsmA94BPG6jZATS4Hi+xv4SkBBQSt1N4/g==}
    engines: {node: '>=14.21.3'}
    cpu: [arm64]
    os: [linux]
    libc: [glibc]

  '@biomejs/cli-linux-x64-musl@1.9.4':
    resolution: {integrity: sha512-gEhi/jSBhZ2m6wjV530Yy8+fNqG8PAinM3oV7CyO+6c3CEh16Eizm21uHVsyVBEB6RIM8JHIl6AGYCv6Q6Q9Tg==}
    engines: {node: '>=14.21.3'}
    cpu: [x64]
    os: [linux]
    libc: [musl]

  '@biomejs/cli-linux-x64@1.9.4':
    resolution: {integrity: sha512-lRCJv/Vi3Vlwmbd6K+oQ0KhLHMAysN8lXoCI7XeHlxaajk06u7G+UsFSO01NAs5iYuWKmVZjmiOzJ0OJmGsMwg==}
    engines: {node: '>=14.21.3'}
    cpu: [x64]
    os: [linux]
    libc: [glibc]

  '@biomejs/cli-win32-arm64@1.9.4':
    resolution: {integrity: sha512-tlbhLk+WXZmgwoIKwHIHEBZUwxml7bRJgk0X2sPyNR3S93cdRq6XulAZRQJ17FYGGzWne0fgrXBKpl7l4M87Hg==}
    engines: {node: '>=14.21.3'}
    cpu: [arm64]
    os: [win32]

  '@biomejs/cli-win32-x64@1.9.4':
    resolution: {integrity: sha512-8Y5wMhVIPaWe6jw2H+KlEm4wP/f7EW3810ZLmDlrEEy5KvBsb9ECEfu/kMWD484ijfQ8+nIi0giMgu9g1UAuuA==}
    engines: {node: '>=14.21.3'}
    cpu: [x64]
    os: [win32]

  '@jridgewell/sourcemap-codec@1.5.0':
    resolution: {integrity: sha512-gv3ZRaISU3fjPAgNsriBRqGWQL6quFx04YMPW/zD8XMLsU32mhCCbfbO6KZFLjvYpCZ8zyDEgqsgf+PwPaM7GQ==}

  '@module-federation/error-codes@0.11.1':
    resolution: {integrity: sha512-N1cs1qwrO8cU/OzfnBbr+3FaVbrJk6QEAsQ8H+YxGRrh/kHsR2BKpZCX79jTG27oDbz45FLjQ98YucMMXC24EA==}

  '@module-federation/runtime-core@0.11.1':
    resolution: {integrity: sha512-6KxLfkCl05Ey69Xg/dsjf7fPit9qGXZ0lpwaG2agiCqC3JCDxYjT7tgGvnWhTXCcztb/ThpT+bHrRD4Kw8SMhA==}

  '@module-federation/runtime-tools@0.11.1':
    resolution: {integrity: sha512-8UqMbHJSdkEvKlnlXpR/OjMA77bUbhtmv0I4UO+PA1zBga4y3/St6NOjD66NTINKeWEgsCt1aepXHspduXp33w==}

  '@module-federation/runtime@0.11.1':
    resolution: {integrity: sha512-yxxa/TRXaNggb34N+oL82J7r9+GZ3gYTCDyGibYqtsC5j7+9oB4tmc0UyhjrGMhg+fF8TAWFZjNKo7ZnyN9LcQ==}

  '@module-federation/sdk@0.11.1':
    resolution: {integrity: sha512-QS6zevdQYLCGF6NFf0LysMGARh+dZxMeoRKKDUW5PYi3XOk+tjJ7QsDKybfcBZBNgBJfIuwxh4Oei6WOFJEfRg==}

  '@module-federation/webpack-bundler-runtime@0.11.1':
    resolution: {integrity: sha512-XlVegGyCBBLId8Jr6USjPOFYViQ0CCtoYjHpC8y1FOGtuXLGrvnEdFcl4XHlFlp3MY3Rxhr8QigrdZhYe5bRWg==}

  '@rsbuild/core@1.3.1':
    resolution: {integrity: sha512-9Sk2anWUI2qVx11saDdmiG4k3lm+jnakCTOw6JIz+4/Rb0dvt9yWiEhJN7k9o2eRhS8+rthqXpnOe62tAilVwQ==}
    engines: {node: '>=16.7.0'}
    hasBin: true

  '@rsbuild/plugin-react@1.1.1':
    resolution: {integrity: sha512-gkATKrOQauXMMtrYA5jbTQkhmYTE0VXoknPLtVpiXtwDbBUwgX23LFf1XJ51YOwqYpP7g5SfPEMgD2FENtCq0A==}
    peerDependencies:
      '@rsbuild/core': 1.x

  '@rslib/core@0.6.1':
    resolution: {integrity: sha512-bO1zsGtC+elncvenqWq8XjPPR1Z83oVSQHSaP19WZENugN7HNFqQ/jrTWJ0CfuAo88bdEKXUhDymb9DlAnm0zw==}
    engines: {node: '>=16.7.0'}
    hasBin: true
    peerDependencies:
      '@microsoft/api-extractor': ^7
      typescript: ^5
    peerDependenciesMeta:
      '@microsoft/api-extractor':
        optional: true
      typescript:
        optional: true

  '@rspack/binding-darwin-arm64@1.3.0':
    resolution: {integrity: sha512-AexGJ+PBTIURvXzMG/aQILTCB+D5HocmwWLw5jNq1DFVpgb7GX+3ZW3s2MBa8K+3JNeNgRiGcHyYcSV0l1dIfQ==}
    cpu: [arm64]
    os: [darwin]

  '@rspack/binding-darwin-x64@1.3.0':
    resolution: {integrity: sha512-LPzsI2VVwhn9Y88BOE4a0lICH4Jp3zLpNzJjDwMeDANJJ6MLmGbEBAxxRxo0adPG2sWhW7/RKU+ISVhu09aZtw==}
    cpu: [x64]
    os: [darwin]

  '@rspack/binding-linux-arm64-gnu@1.3.0':
    resolution: {integrity: sha512-acj5ikpIvkjy1sEV818RL+tK+EYvj1/g0jBqfttuCdczMMDzb1ciGEOHIuqONCMNdoCpieYnGt65rRwSS7NVHQ==}
    cpu: [arm64]
    os: [linux]
    libc: [glibc]

  '@rspack/binding-linux-arm64-musl@1.3.0':
    resolution: {integrity: sha512-8BVoZTmxreQXSoSfUObydaVjVxYUReTZMpdmLTaewBs2KaoZEC8RvddLbEupiLie23Wwz02WDAiSUG1+zuCi5Q==}
    cpu: [arm64]
    os: [linux]
    libc: [musl]

  '@rspack/binding-linux-x64-gnu@1.3.0':
    resolution: {integrity: sha512-8QC553EczUmeVtr5Dqc+TocStYoKHbT6CFRb52sqaLOhka6r/zgchvKYmji+51gohfD5f0gtqjkb2pLWGPHE7w==}
    cpu: [x64]
    os: [linux]
    libc: [glibc]

  '@rspack/binding-linux-x64-musl@1.3.0':
    resolution: {integrity: sha512-Zi4vUONm94iN5oO6k8yc7a7AP4H24qesG8J4wNnByZIcSuhFeXhQbkEF+45BY/Kw4HB5K2gU/Oqd+kVlRwqIuQ==}
    cpu: [x64]
    os: [linux]
    libc: [musl]

  '@rspack/binding-win32-arm64-msvc@1.3.0':
    resolution: {integrity: sha512-H6Q3WgLxkHFxxdasQ1MtlbWesyLGT+lr6gMW7Hc3nIl5QOJEcLvwF8OBOR8Di092uvDOyIRSwkUtnkI/tQV8UA==}
    cpu: [arm64]
    os: [win32]

  '@rspack/binding-win32-ia32-msvc@1.3.0':
    resolution: {integrity: sha512-oQEtxVylcKLNFPlzegPkyuBwXg8bKMD4FGrUOwE7Tp/NtI42uhD9kIY+W/U4tLFhIz1bGApdYRdJH71Kl+jBpw==}
    cpu: [ia32]
    os: [win32]

  '@rspack/binding-win32-x64-msvc@1.3.0':
    resolution: {integrity: sha512-vND1d0sAbEfYjkW2H9eOfgO49dYFPTbkN4M7va+SSOI+Gqa4zMqHNg1kcoC5jWEvek6RFSheD1100RiJliLPBg==}
    cpu: [x64]
    os: [win32]

  '@rspack/binding@1.3.0':
    resolution: {integrity: sha512-MqXxbU5ei/xem+Ier48x0/IfJSpfBVbmB/FlziM59wF+mP8DYsMskr7sapN5YfeBhcfelKOtr9hERXRv/p1k2Q==}

  '@rspack/core@1.3.0':
    resolution: {integrity: sha512-7WZdw8EaEy/TlySn46Xgg9qMPoZBA4uTQR+nxgomAA0u9s/31VYFDpPsLIc/uT8OGemGU2kydgAgu9A6Gyp0GQ==}
    engines: {node: '>=16.0.0'}
    peerDependencies:
      '@rspack/tracing': ^1.x
      '@swc/helpers': '>=0.5.1'
    peerDependenciesMeta:
      '@rspack/tracing':
        optional: true
      '@swc/helpers':
        optional: true

  '@rspack/lite-tapable@1.0.1':
    resolution: {integrity: sha512-VynGOEsVw2s8TAlLf/uESfrgfrq2+rcXB1muPJYBWbsm1Oa6r5qVQhjA5ggM6z/coYPrsVMgovl3Ff7Q7OCp1w==}
    engines: {node: '>=16.0.0'}

  '@rspack/plugin-react-refresh@1.0.3':
    resolution: {integrity: sha512-gGK197oIZaPFOTYZkWHZMWRdDlu03zIA3zcYuTKn5Ru6FyuQQu3KjprwDORTcYNHXZw188Exh3uhplM/d2ltIQ==}
    peerDependencies:
      react-refresh: '>=0.10.0 <1.0.0'
      webpack-hot-middleware: 2.x
    peerDependenciesMeta:
      webpack-hot-middleware:
        optional: true

  '@swc/helpers@0.5.15':
    resolution: {integrity: sha512-JQ5TuMi45Owi4/BIMAJBoSQoOJu12oOk/gADqlcUL9JEdHB8vyjUSsxqeNXnmXHjYKMi2WcYtezGEEhqUI/E2g==}

  '@types/node@22.14.0':
    resolution: {integrity: sha512-Kmpl+z84ILoG+3T/zQFyAJsU6EPTmOCj8/2+83fSN6djd6I4o7uOuGIH6vq3PrjY5BGitSbFuMN18j3iknubbA==}

  '@types/react-dom@19.1.1':
    resolution: {integrity: sha512-jFf/woGTVTjUJsl2O7hcopJ1r0upqoq/vIOoCj0yLh3RIXxWcljlpuZ+vEBRXsymD1jhfeJrlyTy/S1UW+4y1w==}
    peerDependencies:
      '@types/react': ^19.0.0

  '@types/react@19.1.0':
    resolution: {integrity: sha512-UaicktuQI+9UKyA4njtDOGBD/67t8YEBt2xdfqu8+gP9hqPUPsiXlNPcpS2gVdjmis5GKPG3fCxbQLVgxsQZ8w==}

  ansi-escapes@7.0.0:
    resolution: {integrity: sha512-GdYO7a61mR0fOlAsvC9/rIHf7L96sBc6dEWzeOu+KAea5bZyQRPIpojrVoI4AXGJS/ycu/fBTdLrUkA4ODrvjw==}
    engines: {node: '>=18'}

  ansi-regex@6.1.0:
    resolution: {integrity: sha512-7HSX4QQb4CspciLpVFwyRe79O3xsIZDDLER21kERQ71oaPodF8jL725AgJMFAYbooIqolJoRLuM81SpeUkpkvA==}
    engines: {node: '>=12'}

  ansi-styles@6.2.1:
    resolution: {integrity: sha512-bN798gFfQX+viw3R7yrGWRqnrN2oRkEkUjjl4JNn4E8GxxbjtG3FbrEIIY3l8/hrwUwIeCZvi4QuOTP4MErVug==}
    engines: {node: '>=12'}

  auto-bind@5.0.1:
    resolution: {integrity: sha1-UNjmPqWh3dy15eNkUcGoJm/7sq4=}
    engines: {node: ^12.20.0 || ^14.13.1 || >=16.0.0}

  caniuse-lite@1.0.30001712:
    resolution: {integrity: sha512-MBqPpGYYdQ7/hfKiet9SCI+nmN5/hp4ZzveOJubl5DTAMa5oggjAuoi0Z4onBpKPFI2ePGnQuQIzF3VxDjDJig==}

  chalk@5.4.1:
    resolution: {integrity: sha512-zgVZuo2WcZgfUEmsn6eO3kINexW8RAE4maiQ8QNs8CtpPCSyMiYsULR3HQYkm3w8FIA3SberyMJMSldGsW+U3w==}
    engines: {node: ^12.17.0 || ^14.13 || >=16.0.0}

  cli-boxes@3.0.0:
    resolution: {integrity: sha1-caEMcW/uugBeRQTzYynvCxfPMUU=}
    engines: {node: '>=10'}

  cli-cursor@4.0.0:
    resolution: {integrity: sha1-POz+NzS/T+Aqg2HL3A9v4oxqV+o=}
    engines: {node: ^12.20.0 || ^14.13.1 || >=16.0.0}

  cli-truncate@4.0.0:
    resolution: {integrity: sha512-nPdaFdQ0h/GEigbPClz11D0v/ZJEwxmeVZGeMo3Z5StPtUTkA9o1lD6QwoirYiSDzbcwn2XcjwmCp68W1IS4TA==}
    engines: {node: '>=18'}

  clipboardy@4.0.0:
    resolution: {integrity: sha512-5mOlNS0mhX0707P2I0aZ2V/cmHUEO/fL7VFLqszkhUsxt7RwnmrInf/eEQKlf5GzvYeHIjT+Ov1HRfNmymlG0w==}
    engines: {node: '>=18'}

  code-excerpt@4.0.0:
    resolution: {integrity: sha512-xxodCmBen3iy2i0WtAK8FlFNrRzjUqjRsMfho58xT/wvZU1YTM3fCnRjcy1gJPMepaRlgm/0e6w8SpWHpn3/cA==}
    engines: {node: ^12.20.0 || ^14.13.1 || >=16.0.0}

  convert-to-spaces@2.0.1:
    resolution: {integrity: sha512-rcQ1bsQO9799wq24uE5AM2tAILy4gXGIK/njFWcVQkGNZ96edlpY+A7bjwvzjYvLDyzmG1MmMLZhpcsb+klNMQ==}
    engines: {node: ^12.20.0 || ^14.13.1 || >=16.0.0}

  core-js@3.41.0:
    resolution: {integrity: sha512-SJ4/EHwS36QMJd6h/Rg+GyR4A5xE0FSI3eZ+iBVpfqf1x0eTSg1smWLHrA+2jQThZSh97fmSgFSU8B61nxosxA==}

  cross-spawn@7.0.6:
    resolution: {integrity: sha512-uV2QOWP2nWzsy2aMp8aRibhi9dlzF5Hgh5SHaB9OiTGEyDTiJJyx0uy51QXdyWbtAHNua4XJzUKca3OzKUd3vA==}
    engines: {node: '>= 8'}

  csstype@3.1.3:
    resolution: {integrity: sha512-M1uQkMl8rQK/szD0LNhtqxIPLpimGm8sOBwU7lLnCpSbTyY3yeU1Vc7l4KT5zT4s/yOxHH5O7tIuuLOCnLADRw==}

  emoji-regex@10.4.0:
    resolution: {integrity: sha512-EC+0oUMY1Rqm4O6LLrgjtYDvcVYTy7chDnM4Q7030tP4Kwj3u/pR6gP9ygnp2CJMK5Gq+9Q2oqmrFJAz01DXjw==}

  environment@1.1.0:
    resolution: {integrity: sha512-xUtoPkMggbz0MPyPiIWr1Kp4aeWJjDZ6SMvURhimjdZgsRuDplF5/s9hcgGhyXMhs+6vpnuoiZ2kFiu3FMnS8Q==}
    engines: {node: '>=18'}

  error-stack-parser@2.1.4:
    resolution: {integrity: sha512-Sk5V6wVazPhq5MhpO+AUxJn5x7XSXGl1R93Vn7i+zS15KDVxQijejNCrz8340/2bgLBjR9GtEG8ZVKONDjcqGQ==}

  es-toolkit@1.34.1:
    resolution: {integrity: sha512-OA6cd94fJV9bm8dWhIySkWq4xV+rAQnBZUr2dnpXam0QJ8c+hurLbKA8/QooL9Mx4WCAxvIDsiEkid5KPQ5xgQ==}

  escape-string-regexp@2.0.0:
    resolution: {integrity: sha1-owME6Z2qMuI7L9IPUbq9B8/8o0Q=}
    engines: {node: '>=8'}

  execa@8.0.1:
    resolution: {integrity: sha512-VyhnebXciFV2DESc+p6B+y0LjSm0krU4OgJN44qFAhBY0TJ+1V61tYD2+wHusZ6F9n5K+vl8k0sTy7PEfV4qpg==}
    engines: {node: '>=16.17'}

  fdir@6.4.3:
    resolution: {integrity: sha512-PMXmW2y1hDDfTSRc9gaXIuCCRpuoz3Kaz8cUelp3smouvfT632ozg2vrT6lJsHKKOF59YLbOGfAWGUcKEfRMQw==}
    peerDependencies:
      picomatch: ^3 || ^4
    peerDependenciesMeta:
      picomatch:
        optional: true

  figures@6.1.0:
    resolution: {integrity: sha512-d+l3qxjSesT4V7v2fh+QnmFnUWv9lSpjarhShNTgBOfA0ttejbQUAlHLitbjkoRiDulW0OPoQPYIGhIC8ohejg==}
    engines: {node: '>=18'}

  get-east-asian-width@1.3.0:
    resolution: {integrity: sha512-vpeMIQKxczTD/0s2CdEWHcb0eeJe6TFjxb+J5xgX7hScxqrGuyjmv4c1D4A/gelKfyox0gJJwIHF+fLjeaM8kQ==}
    engines: {node: '>=18'}

  get-stream@8.0.1:
    resolution: {integrity: sha512-VaUJspBffn/LMCJVoMvSAdmscJyS1auj5Zulnn5UoYcY531UWmdwhRWkcGKnGU93m5HSXP9LP2usOryrBtQowA==}
    engines: {node: '>=16'}

  html-entities@2.6.0:
    resolution: {integrity: sha512-kig+rMn/QOVRvr7c86gQ8lWXq+Hkv6CbAH1hLu+RG338StTpE8Z0b44SDVaqVu7HGKf27frdmUYEs9hTUX/cLQ==}

  human-signals@5.0.0:
    resolution: {integrity: sha512-AXcZb6vzzrFAUE61HnN4mpLqd/cSIwNQjtNWR0euPm6y0iqx3G4gOXaIDdtdDwZmhwe82LA6+zinmW4UBWVePQ==}
    engines: {node: '>=16.17.0'}

  indent-string@5.0.0:
    resolution: {integrity: sha1-T9KYD8yvhiLRTGTWlPTPM8gZUaU=}
    engines: {node: '>=12'}

  ink-select-input@6.0.0:
    resolution: {integrity: sha512-2mCbn1b9xeguA3qJiaf8Sx8W4MM005wACcLKwHWWJmJ8BapjsahmQPuY2U2qyGc817IdWFjNk/K41Vn39UlO4Q==}
    engines: {node: '>=18'}
    peerDependencies:
      ink: '>=5.0.0'
      react: '>=18.0.0'

  ink-text-input@6.0.0:
    resolution: {integrity: sha512-Fw64n7Yha5deb1rHY137zHTAbSTNelUKuB5Kkk2HACXEtwIHBCf9OH2tP/LQ9fRYTl1F0dZgbW0zPnZk6FA9Lw==}
    engines: {node: '>=18'}
    peerDependencies:
      ink: '>=5'
      react: '>=18'

  ink@5.2.0:
    resolution: {integrity: sha512-gHzSBBvsh/1ZYuGi+aKzU7RwnYIr6PSz56or9T90i4DDS99euhN7nYKOMR3OTev0dKIB6Zod3vSapYzqoilQcg==}
    engines: {node: '>=18'}
    peerDependencies:
      '@types/react': '>=18.0.0'
      react: '>=18.0.0'
      react-devtools-core: ^4.19.1
    peerDependenciesMeta:
      '@types/react':
        optional: true
      react-devtools-core:
        optional: true

  is-docker@3.0.0:
    resolution: {integrity: sha1-kAk6oxBid9inelkQ265xdH4VogA=}
    engines: {node: ^12.20.0 || ^14.13.1 || >=16.0.0}
    hasBin: true

  is-fullwidth-code-point@4.0.0:
    resolution: {integrity: sha1-+uMWfHKedGP4RhzlErCApJJoqog=}
    engines: {node: '>=12'}

  is-fullwidth-code-point@5.0.0:
    resolution: {integrity: sha512-OVa3u9kkBbw7b8Xw5F9P+D/T9X+Z4+JruYVNapTjPYZYUznQ5YfWeFkOj606XYYW8yugTfC8Pj0hYqvi4ryAhA==}
    engines: {node: '>=18'}

  is-in-ci@1.0.0:
    resolution: {integrity: sha512-eUuAjybVTHMYWm/U+vBO1sY/JOCgoPCXRxzdju0K+K0BiGW0SChEL1MLC0PoCIR1OlPo5YAp8HuQoUlsWEICwg==}
    engines: {node: '>=18'}
    hasBin: true

  is-inside-container@1.0.0:
    resolution: {integrity: sha512-KIYLCCJghfHZxqjYBE7rEy0OBuTd5xCHS7tHVgvCLkx7StIoaxwNW3hCALgEUjFfeRk+MG/Qxmp/vtETEF3tRA==}
    engines: {node: '>=14.16'}
    hasBin: true

  is-stream@3.0.0:
    resolution: {integrity: sha1-5r/XqmvvafT0cs6btoHj5XtDGaw=}
    engines: {node: ^12.20.0 || ^14.13.1 || >=16.0.0}

  is-unicode-supported@2.1.0:
    resolution: {integrity: sha512-mE00Gnza5EEB3Ds0HfMyllZzbBrmLOX3vfWoj9A9PEnTfratQ/BcaJOuMhnkhjXvb2+FkY3VuHqtAGpTPmglFQ==}
    engines: {node: '>=18'}

  is-wsl@3.1.0:
    resolution: {integrity: sha512-UcVfVfaK4Sc4m7X3dUSoHoozQGBEFeDC+zVo06t98xe8CzHSZZBekNXH+tu0NalHolcJ/QAGqS46Hef7QXBIMw==}
    engines: {node: '>=16'}

  is64bit@2.0.0:
    resolution: {integrity: sha512-jv+8jaWCl0g2lSBkNSVXdzfBA0npK1HGC2KtWM9FumFRoGS94g3NbCCLVnCYHLjp4GrW2KZeeSTMo5ddtznmGw==}
    engines: {node: '>=18'}

  isexe@2.0.0:
    resolution: {integrity: sha1-6PvzdNxVb/iUehDcsFctYz8s+hA=}

  jiti@2.4.2:
    resolution: {integrity: sha512-rg9zJN+G4n2nfJl5MW3BMygZX56zKPNVEYYqq7adpmMh4Jn2QNEwhvQlFy6jPVdcod7txZtKHWnyZiA3a0zP7A==}
    hasBin: true

  js-tokens@4.0.0:
    resolution: {integrity: sha1-GSA/tZmR35jjoocFDUZHzerzJJk=}

  json5@2.2.3:
    resolution: {integrity: sha512-XmOWe7eyHYH14cLdVPoyg+GOH3rYX++KpzrylJwSW98t3Nk+U8XOl8FWKOgwtzdb8lXGf6zYwDUzeHMWfxasyg==}
    engines: {node: '>=6'}
    hasBin: true

  lodash.isequal@4.5.0:
    resolution: {integrity: sha1-QVxEePK8wwEgwizhDtMib30+GOA=}

  loose-envify@1.4.0:
    resolution: {integrity: sha1-ce5R+nvkyuwaY4OffmgtgTLTDK8=}
    hasBin: true

  magic-string@0.30.17:
    resolution: {integrity: sha512-sNPKHvyjVf7gyjwS4xGTaW/mCnF8wnjtifKBEhxfZ7E/S8tQ0rssrwGNn6q8JH/ohItJfSQp9mBtQYuTlH5QnA==}

  merge-stream@2.0.0:
    resolution: {integrity: sha1-UoI2KaFN0AyXcPtq1H3GMQ8sH2A=}

  mimic-fn@2.1.0:
    resolution: {integrity: sha1-ftLCzMyvhNP/y3pptXcR/CCDQBs=}
    engines: {node: '>=6'}

  mimic-fn@4.0.0:
    resolution: {integrity: sha1-YKkFUNXLCyOcymXYk7GlOymHHsw=}
    engines: {node: '>=12'}

  minimist@1.2.8:
    resolution: {integrity: sha512-2yyAR8qBkN3YuheJanUpWC5U3bb5osDywNB8RzDVlDwDHbocAJveqqj1u8+SVD7jkWT4yvsHCpWqqWqAxb0zCA==}

  npm-run-path@5.3.0:
    resolution: {integrity: sha512-ppwTtiJZq0O/ai0z7yfudtBpWIoxM8yE6nHi1X47eFR2EWORqfbu6CnPlNsjeN683eT0qG6H/Pyf9fCcvjnnnQ==}
    engines: {node: ^12.20.0 || ^14.13.1 || >=16.0.0}

  onetime@5.1.2:
    resolution: {integrity: sha1-0Oluu1awdHbfHdnEgG5SN5hcpF4=}
    engines: {node: '>=6'}

  onetime@6.0.0:
    resolution: {integrity: sha1-fCTBjtH9LpvKS9JoBqM2E8d9NLQ=}
    engines: {node: '>=12'}

  patch-console@2.0.0:
    resolution: {integrity: sha512-0YNdUceMdaQwoKce1gatDScmMo5pu/tfABfnzEqeG0gtTmd7mh/WcwgUjtAeOU7N8nFFlbQBnFK2gXW5fGvmMA==}
    engines: {node: ^12.20.0 || ^14.13.1 || >=16.0.0}

  path-key@3.1.1:
    resolution: {integrity: sha1-WB9q3mWMu6ZaDTOA3ndTKVBU83U=}
    engines: {node: '>=8'}

  path-key@4.0.0:
    resolution: {integrity: sha1-KVWI3DruZBVPh3rbnXgLgcVUvxg=}
    engines: {node: '>=12'}

  picocolors@1.1.1:
    resolution: {integrity: sha512-xceH2snhtb5M9liqDsmEw56le376mTZkEX/jEb/RxNFyegNul7eNslCXP9FDj/Lcu0X8KEyMceP2ntpaHrDEVA==}

  picomatch@4.0.2:
    resolution: {integrity: sha512-M7BAV6Rlcy5u+m6oPhAPFgJTzAioX/6B0DxyvDlo9l8+T3nLKbrczg2WLUyzd45L8RqfUMyGPzekbMvX2Ldkwg==}
    engines: {node: '>=12'}

  react-reconciler@0.29.2:
    resolution: {integrity: sha512-zZQqIiYgDCTP/f1N/mAR10nJGrPD2ZR+jDSEsKWJHYC7Cm2wodlwbR3upZRdC3cjIjSlTLNVyO7Iu0Yy7t2AYg==}
    engines: {node: '>=0.10.0'}
    peerDependencies:
      react: ^18.3.1

  react-refresh@0.16.0:
    resolution: {integrity: sha512-FPvF2XxTSikpJxcr+bHut2H4gJ17+18Uy20D5/F+SKzFap62R3cM5wH6b8WN3LyGSYeQilLEcJcR1fjBSI2S1A==}
    engines: {node: '>=0.10.0'}

  react@18.3.1:
    resolution: {integrity: sha512-wS+hAgJShR0KhEvPJArfuPVN1+Hz1t0Y6n5jLrGQbkb4urgPE/0Rve+1kMB1v/oWgHgm4WIcV+i7F2pTVj+2iQ==}
    engines: {node: '>=0.10.0'}

  restore-cursor@4.0.0:
    resolution: {integrity: sha1-UZVgpDGJdQlt725gnUQQDtqkzLk=}
    engines: {node: ^12.20.0 || ^14.13.1 || >=16.0.0}

  rsbuild-plugin-dts@0.6.1:
    resolution: {integrity: sha512-IG3nslr39QC2p7PvjhvLgb2Xr1stctYikdKwtU/cksKp0r7rs0oKGdYxqSrqIWgHU+t+jFzUkkT6cghJOOIZ9Q==}
    engines: {node: '>=16.7.0'}
    peerDependencies:
      '@microsoft/api-extractor': ^7
      '@rsbuild/core': 1.x
      typescript: ^5
    peerDependenciesMeta:
      '@microsoft/api-extractor':
        optional: true
      typescript:
        optional: true

  scheduler@0.23.2:
    resolution: {integrity: sha512-UOShsPwz7NrMUqhR6t0hWjFduvOzbtv7toDH1/hIrfRNIDBnnBWd0CwJTGvTpngVlmwGCdP9/Zl/tVrDqcuYzQ==}

  shebang-command@2.0.0:
    resolution: {integrity: sha1-zNCvT4g1+9wmW4JGGq8MNmY/NOo=}
    engines: {node: '>=8'}

  shebang-regex@3.0.0:
    resolution: {integrity: sha1-rhbxZE2HPsrYQ7AwexQzYtTEIXI=}
    engines: {node: '>=8'}

  signal-exit@3.0.7:
    resolution: {integrity: sha512-wnD2ZE+l+SPC/uoS0vXeE9L1+0wuaMqKlfz9AMUo38JsyLSBWSFcHR1Rri62LZc12vLr1gb3jl7iwQhgwpAbGQ==}

  signal-exit@4.1.0:
    resolution: {integrity: sha512-bzyZ1e88w9O1iNJbKnOlvYTrWPDl46O1bG0D3XInv+9tkPrxrN8jUUTiFlDkkmKWgn1M6CfIA13SuGqOa9Korw==}
    engines: {node: '>=14'}

  slice-ansi@5.0.0:
    resolution: {integrity: sha1-tzBjxXqpb5zYgWVLFSlNldKFxCo=}
    engines: {node: '>=12'}

  slice-ansi@7.1.0:
    resolution: {integrity: sha512-bSiSngZ/jWeX93BqeIAbImyTbEihizcwNjFoRUIY/T1wWQsfsm2Vw1agPKylXvQTU7iASGdHhyqRlqQzfz+Htg==}
    engines: {node: '>=18'}

  stack-utils@2.0.6:
    resolution: {integrity: sha512-XlkWvfIm6RmsWtNJx+uqtKLS8eqFbxUg0ZzLXqY0caEy9l7hruX8IpiDnjsLavoBgqCCR71TqWO8MaXYheJ3RQ==}
    engines: {node: '>=10'}

  stackframe@1.3.4:
    resolution: {integrity: sha512-oeVtt7eWQS+Na6F//S4kJ2K2VbRlS9D43mAlMyVpVWovy9o+jfgH8O9agzANzaiLjclA0oYzUXEM4PurhSUChw==}

  string-width@7.2.0:
    resolution: {integrity: sha512-tsaTIkKW9b4N+AEj+SVA+WhJzV7/zMhcSu78mLKWSk7cXMOSHsBKFWUs0fWwq8QyK3MgJBQRX6Gbi4kYbdvGkQ==}
    engines: {node: '>=18'}

  strip-ansi@7.1.0:
    resolution: {integrity: sha512-iq6eVVI64nQQTRYq2KtEg2d2uU7LElhTJwsH4YzIHZshxlgZms/wIc4VoDQTlG/IvVIrBKG06CrZnp0qv7hkcQ==}
    engines: {node: '>=12'}

  strip-bom@3.0.0:
    resolution: {integrity: sha1-IzTBjpx1n3vdVv3vfprj1YjmjtM=}
    engines: {node: '>=4'}

  strip-final-newline@3.0.0:
    resolution: {integrity: sha1-UolMMT+/8xiDUoCu1g/3Hr8SuP0=}
    engines: {node: '>=12'}

  system-architecture@0.1.0:
    resolution: {integrity: sha512-ulAk51I9UVUyJgxlv9M6lFot2WP3e7t8Kz9+IS6D4rVba1tR9kON+Ey69f+1R4Q8cd45Lod6a4IcJIxnzGc/zA==}
    engines: {node: '>=18'}

  tinyglobby@0.2.12:
    resolution: {integrity: sha512-qkf4trmKSIiMTs/E63cxH+ojC2unam7rJ0WrauAzpT3ECNTxGRMlaXxVbfxMUC/w0LaYk6jQ4y/nGR9uBO3tww==}
    engines: {node: '>=12.0.0'}

  to-rotated@1.0.0:
    resolution: {integrity: sha512-KsEID8AfgUy+pxVRLsWp0VzCa69wxzUDZnzGbyIST/bcgcrMvTYoFBX/QORH4YApoD89EDuUovx4BTdpOn319Q==}
    engines: {node: '>=18'}

  tsconfig-paths@4.2.0:
    resolution: {integrity: sha512-NoZ4roiN7LnbKn9QqE1amc9DJfzvZXxF4xDavcOWt1BPkdx+m+0gJuPM+S0vCe7zTJMYUP0R8pO2XMr+Y8oLIg==}
    engines: {node: '>=6'}

  tslib@2.8.1:
    resolution: {integrity: sha512-oJFu94HQb+KVduSUQL7wnpmqnfmLsOA/nAh6b6EH0wCEoK0/mPeXU6c3wKDV83MkOuHPRHtSXKKU99IBazS/2w==}

  type-fest@4.39.1:
    resolution: {integrity: sha512-uW9qzd66uyHYxwyVBYiwS4Oi0qZyUqwjU+Oevr6ZogYiXt99EOYtwvzMSLw1c3lYo2HzJsep/NB23iEVEgjG/w==}
    engines: {node: '>=16'}

  typescript@5.8.3:
    resolution: {integrity: sha512-p1diW6TqL9L07nNxvRMM7hMMw4c5XOo/1ibL4aAIGmSAt9slTE1Xgw5KWuof2uTOvCg9BY7ZRi+GaF+7sfgPeQ==}
    engines: {node: '>=14.17'}
    hasBin: true

  undici-types@6.21.0:
    resolution: {integrity: sha512-iwDZqg0QAGrg9Rav5H4n0M64c3mkR59cJ6wQp+7C4nI0gsmExaedaYLNO44eT4AtBBwjbTiGPMlt2Md0T9H9JQ==}

  which@2.0.2:
    resolution: {integrity: sha1-fGqN0KY2oDJ+ELWckobu6T8/UbE=}
    engines: {node: '>= 8'}
    hasBin: true

  widest-line@5.0.0:
    resolution: {integrity: sha512-c9bZp7b5YtRj2wOe6dlj32MK+Bx/M/d+9VB2SHM1OtsUHR0aV0tdP6DWh/iMt0kWi1t5g1Iudu6hQRNd1A4PVA==}
    engines: {node: '>=18'}

  wrap-ansi@9.0.0:
    resolution: {integrity: sha512-G8ura3S+3Z2G+mkgNRq8dqaFZAuxfsxpBB8OCTGRTCtp+l/v9nbFNmCUP1BZMts3G1142MsZfn6eeUKrr4PD1Q==}
    engines: {node: '>=18'}

  ws@8.18.1:
    resolution: {integrity: sha512-RKW2aJZMXeMxVpnZ6bck+RswznaxmzdULiBr6KY7XkTnW8uvt0iT9H5DkHUChXrc+uurzwa0rVI16n/Xzjdz1w==}
    engines: {node: '>=10.0.0'}
    peerDependencies:
      bufferutil: ^4.0.1
      utf-8-validate: '>=5.0.2'
    peerDependenciesMeta:
      bufferutil:
        optional: true
      utf-8-validate:
        optional: true

  yoga-layout@3.2.1:
    resolution: {integrity: sha512-0LPOt3AxKqMdFBZA3HBAt/t/8vIKq7VaQYbuA8WxCgung+p9TVyKRYdpvCb80HcdTN2NkbIKbhNwKUfm3tQywQ==}

snapshots:

  '@alcalzone/ansi-tokenize@0.1.3':
    dependencies:
      ansi-styles: 6.2.1
      is-fullwidth-code-point: 4.0.0

  '@ast-grep/napi-darwin-arm64@0.36.2':
    optional: true

  '@ast-grep/napi-darwin-x64@0.36.2':
    optional: true

  '@ast-grep/napi-linux-arm64-gnu@0.36.2':
    optional: true

  '@ast-grep/napi-linux-arm64-musl@0.36.2':
    optional: true

  '@ast-grep/napi-linux-x64-gnu@0.36.2':
    optional: true

  '@ast-grep/napi-linux-x64-musl@0.36.2':
    optional: true

  '@ast-grep/napi-win32-arm64-msvc@0.36.2':
    optional: true

  '@ast-grep/napi-win32-ia32-msvc@0.36.2':
    optional: true

  '@ast-grep/napi-win32-x64-msvc@0.36.2':
    optional: true

  '@ast-grep/napi@0.36.2':
    optionalDependencies:
      '@ast-grep/napi-darwin-arm64': 0.36.2
      '@ast-grep/napi-darwin-x64': 0.36.2
      '@ast-grep/napi-linux-arm64-gnu': 0.36.2
      '@ast-grep/napi-linux-arm64-musl': 0.36.2
      '@ast-grep/napi-linux-x64-gnu': 0.36.2
      '@ast-grep/napi-linux-x64-musl': 0.36.2
      '@ast-grep/napi-win32-arm64-msvc': 0.36.2
      '@ast-grep/napi-win32-ia32-msvc': 0.36.2
      '@ast-grep/napi-win32-x64-msvc': 0.36.2

  '@biomejs/biome@1.9.4':
    optionalDependencies:
      '@biomejs/cli-darwin-arm64': 1.9.4
      '@biomejs/cli-darwin-x64': 1.9.4
      '@biomejs/cli-linux-arm64': 1.9.4
      '@biomejs/cli-linux-arm64-musl': 1.9.4
      '@biomejs/cli-linux-x64': 1.9.4
      '@biomejs/cli-linux-x64-musl': 1.9.4
      '@biomejs/cli-win32-arm64': 1.9.4
      '@biomejs/cli-win32-x64': 1.9.4

  '@biomejs/cli-darwin-arm64@1.9.4':
    optional: true

  '@biomejs/cli-darwin-x64@1.9.4':
    optional: true

  '@biomejs/cli-linux-arm64-musl@1.9.4':
    optional: true

  '@biomejs/cli-linux-arm64@1.9.4':
    optional: true

  '@biomejs/cli-linux-x64-musl@1.9.4':
    optional: true

  '@biomejs/cli-linux-x64@1.9.4':
    optional: true

  '@biomejs/cli-win32-arm64@1.9.4':
    optional: true

  '@biomejs/cli-win32-x64@1.9.4':
    optional: true

  '@jridgewell/sourcemap-codec@1.5.0': {}

  '@module-federation/error-codes@0.11.1': {}

  '@module-federation/runtime-core@0.11.1':
    dependencies:
      '@module-federation/error-codes': 0.11.1
      '@module-federation/sdk': 0.11.1

  '@module-federation/runtime-tools@0.11.1':
    dependencies:
      '@module-federation/runtime': 0.11.1
      '@module-federation/webpack-bundler-runtime': 0.11.1

  '@module-federation/runtime@0.11.1':
    dependencies:
      '@module-federation/error-codes': 0.11.1
      '@module-federation/runtime-core': 0.11.1
      '@module-federation/sdk': 0.11.1

  '@module-federation/sdk@0.11.1': {}

  '@module-federation/webpack-bundler-runtime@0.11.1':
    dependencies:
      '@module-federation/runtime': 0.11.1
      '@module-federation/sdk': 0.11.1

  '@rsbuild/core@1.3.1':
    dependencies:
      '@rspack/core': 1.3.0(@swc/helpers@0.5.15)
      '@rspack/lite-tapable': 1.0.1
      '@swc/helpers': 0.5.15
      core-js: 3.41.0
      jiti: 2.4.2
    transitivePeerDependencies:
      - '@rspack/tracing'

  '@rsbuild/plugin-react@1.1.1(@rsbuild/core@1.3.1)':
    dependencies:
      '@rsbuild/core': 1.3.1
      '@rspack/plugin-react-refresh': 1.0.3(react-refresh@0.16.0)
      react-refresh: 0.16.0
    transitivePeerDependencies:
      - webpack-hot-middleware

  '@rslib/core@0.6.1(typescript@5.8.3)':
    dependencies:
      '@rsbuild/core': 1.3.1
      rsbuild-plugin-dts: 0.6.1(@rsbuild/core@1.3.1)(typescript@5.8.3)
      tinyglobby: 0.2.12
    optionalDependencies:
      typescript: 5.8.3
    transitivePeerDependencies:
      - '@rspack/tracing'

  '@rspack/binding-darwin-arm64@1.3.0':
    optional: true

  '@rspack/binding-darwin-x64@1.3.0':
    optional: true

  '@rspack/binding-linux-arm64-gnu@1.3.0':
    optional: true

  '@rspack/binding-linux-arm64-musl@1.3.0':
    optional: true

  '@rspack/binding-linux-x64-gnu@1.3.0':
    optional: true

  '@rspack/binding-linux-x64-musl@1.3.0':
    optional: true

  '@rspack/binding-win32-arm64-msvc@1.3.0':
    optional: true

  '@rspack/binding-win32-ia32-msvc@1.3.0':
    optional: true

  '@rspack/binding-win32-x64-msvc@1.3.0':
    optional: true

  '@rspack/binding@1.3.0':
    optionalDependencies:
      '@rspack/binding-darwin-arm64': 1.3.0
      '@rspack/binding-darwin-x64': 1.3.0
      '@rspack/binding-linux-arm64-gnu': 1.3.0
      '@rspack/binding-linux-arm64-musl': 1.3.0
      '@rspack/binding-linux-x64-gnu': 1.3.0
      '@rspack/binding-linux-x64-musl': 1.3.0
      '@rspack/binding-win32-arm64-msvc': 1.3.0
      '@rspack/binding-win32-ia32-msvc': 1.3.0
      '@rspack/binding-win32-x64-msvc': 1.3.0

  '@rspack/core@1.3.0(@swc/helpers@0.5.15)':
    dependencies:
      '@module-federation/runtime-tools': 0.11.1
      '@rspack/binding': 1.3.0
      '@rspack/lite-tapable': 1.0.1
      caniuse-lite: 1.0.30001712
    optionalDependencies:
      '@swc/helpers': 0.5.15

  '@rspack/lite-tapable@1.0.1': {}

  '@rspack/plugin-react-refresh@1.0.3(react-refresh@0.16.0)':
    dependencies:
      error-stack-parser: 2.1.4
      html-entities: 2.6.0
      react-refresh: 0.16.0

  '@swc/helpers@0.5.15':
    dependencies:
      tslib: 2.8.1

  '@types/node@22.14.0':
    dependencies:
      undici-types: 6.21.0

  '@types/react-dom@19.1.1(@types/react@19.1.0)':
    dependencies:
      '@types/react': 19.1.0

  '@types/react@19.1.0':
    dependencies:
      csstype: 3.1.3

  ansi-escapes@7.0.0:
    dependencies:
      environment: 1.1.0

  ansi-regex@6.1.0: {}

  ansi-styles@6.2.1: {}

  auto-bind@5.0.1: {}

  caniuse-lite@1.0.30001712: {}

  chalk@5.4.1: {}

  cli-boxes@3.0.0: {}

  cli-cursor@4.0.0:
    dependencies:
      restore-cursor: 4.0.0

  cli-truncate@4.0.0:
    dependencies:
      slice-ansi: 5.0.0
      string-width: 7.2.0

  clipboardy@4.0.0:
    dependencies:
      execa: 8.0.1
      is-wsl: 3.1.0
      is64bit: 2.0.0

  code-excerpt@4.0.0:
    dependencies:
      convert-to-spaces: 2.0.1

  convert-to-spaces@2.0.1: {}

  core-js@3.41.0: {}

  cross-spawn@7.0.6:
    dependencies:
      path-key: 3.1.1
      shebang-command: 2.0.0
      which: 2.0.2

  csstype@3.1.3: {}

  emoji-regex@10.4.0: {}

  environment@1.1.0: {}

  error-stack-parser@2.1.4:
    dependencies:
      stackframe: 1.3.4

  es-toolkit@1.34.1: {}

  escape-string-regexp@2.0.0: {}

  execa@8.0.1:
    dependencies:
      cross-spawn: 7.0.6
      get-stream: 8.0.1
      human-signals: 5.0.0
      is-stream: 3.0.0
      merge-stream: 2.0.0
      npm-run-path: 5.3.0
      onetime: 6.0.0
      signal-exit: 4.1.0
      strip-final-newline: 3.0.0

  fdir@6.4.3(picomatch@4.0.2):
    optionalDependencies:
      picomatch: 4.0.2

  figures@6.1.0:
    dependencies:
      is-unicode-supported: 2.1.0

  get-east-asian-width@1.3.0: {}

  get-stream@8.0.1: {}

  html-entities@2.6.0: {}

  human-signals@5.0.0: {}

  indent-string@5.0.0: {}

  ink-select-input@6.0.0(ink@5.2.0(@types/react@19.1.0)(react@18.3.1))(react@18.3.1):
    dependencies:
      figures: 6.1.0
      ink: 5.2.0(@types/react@19.1.0)(react@18.3.1)
      lodash.isequal: 4.5.0
      react: 18.3.1
      to-rotated: 1.0.0

  ink-text-input@6.0.0(ink@5.2.0(@types/react@19.1.0)(react@18.3.1))(react@18.3.1):
    dependencies:
      chalk: 5.4.1
      ink: 5.2.0(@types/react@19.1.0)(react@18.3.1)
      react: 18.3.1
      type-fest: 4.39.1

  ink@5.2.0(@types/react@19.1.0)(react@18.3.1):
    dependencies:
      '@alcalzone/ansi-tokenize': 0.1.3
      ansi-escapes: 7.0.0
      ansi-styles: 6.2.1
      auto-bind: 5.0.1
      chalk: 5.4.1
      cli-boxes: 3.0.0
      cli-cursor: 4.0.0
      cli-truncate: 4.0.0
      code-excerpt: 4.0.0
      es-toolkit: 1.34.1
      indent-string: 5.0.0
      is-in-ci: 1.0.0
      patch-console: 2.0.0
      react: 18.3.1
      react-reconciler: 0.29.2(react@18.3.1)
      scheduler: 0.23.2
      signal-exit: 3.0.7
      slice-ansi: 7.1.0
      stack-utils: 2.0.6
      string-width: 7.2.0
      type-fest: 4.39.1
      widest-line: 5.0.0
      wrap-ansi: 9.0.0
      ws: 8.18.1
      yoga-layout: 3.2.1
    optionalDependencies:
      '@types/react': 19.1.0
    transitivePeerDependencies:
      - bufferutil
      - utf-8-validate

  is-docker@3.0.0: {}

  is-fullwidth-code-point@4.0.0: {}

  is-fullwidth-code-point@5.0.0:
    dependencies:
      get-east-asian-width: 1.3.0

  is-in-ci@1.0.0: {}

  is-inside-container@1.0.0:
    dependencies:
      is-docker: 3.0.0

  is-stream@3.0.0: {}

  is-unicode-supported@2.1.0: {}

  is-wsl@3.1.0:
    dependencies:
      is-inside-container: 1.0.0

  is64bit@2.0.0:
    dependencies:
      system-architecture: 0.1.0

  isexe@2.0.0: {}

  jiti@2.4.2: {}

  js-tokens@4.0.0: {}

  json5@2.2.3: {}

  lodash.isequal@4.5.0: {}

  loose-envify@1.4.0:
    dependencies:
      js-tokens: 4.0.0

  magic-string@0.30.17:
    dependencies:
      '@jridgewell/sourcemap-codec': 1.5.0

  merge-stream@2.0.0: {}

  mimic-fn@2.1.0: {}

  mimic-fn@4.0.0: {}

  minimist@1.2.8: {}

  npm-run-path@5.3.0:
    dependencies:
      path-key: 4.0.0

  onetime@5.1.2:
    dependencies:
      mimic-fn: 2.1.0

  onetime@6.0.0:
    dependencies:
      mimic-fn: 4.0.0

  patch-console@2.0.0: {}

  path-key@3.1.1: {}

  path-key@4.0.0: {}

  picocolors@1.1.1: {}

  picomatch@4.0.2: {}

  react-reconciler@0.29.2(react@18.3.1):
    dependencies:
      loose-envify: 1.4.0
      react: 18.3.1
      scheduler: 0.23.2

  react-refresh@0.16.0: {}

  react@18.3.1:
    dependencies:
      loose-envify: 1.4.0

  restore-cursor@4.0.0:
    dependencies:
      onetime: 5.1.2
      signal-exit: 3.0.7

  rsbuild-plugin-dts@0.6.1(@rsbuild/core@1.3.1)(typescript@5.8.3):
    dependencies:
      '@ast-grep/napi': 0.36.2
      '@rsbuild/core': 1.3.1
      magic-string: 0.30.17
      picocolors: 1.1.1
      tinyglobby: 0.2.12
      tsconfig-paths: 4.2.0
    optionalDependencies:
      typescript: 5.8.3

  scheduler@0.23.2:
    dependencies:
      loose-envify: 1.4.0

  shebang-command@2.0.0:
    dependencies:
      shebang-regex: 3.0.0

  shebang-regex@3.0.0: {}

  signal-exit@3.0.7: {}

  signal-exit@4.1.0: {}

  slice-ansi@5.0.0:
    dependencies:
      ansi-styles: 6.2.1
      is-fullwidth-code-point: 4.0.0

  slice-ansi@7.1.0:
    dependencies:
      ansi-styles: 6.2.1
      is-fullwidth-code-point: 5.0.0

  stack-utils@2.0.6:
    dependencies:
      escape-string-regexp: 2.0.0

  stackframe@1.3.4: {}

  string-width@7.2.0:
    dependencies:
      emoji-regex: 10.4.0
      get-east-asian-width: 1.3.0
      strip-ansi: 7.1.0

  strip-ansi@7.1.0:
    dependencies:
      ansi-regex: 6.1.0

  strip-bom@3.0.0: {}

  strip-final-newline@3.0.0: {}

  system-architecture@0.1.0: {}

  tinyglobby@0.2.12:
    dependencies:
      fdir: 6.4.3(picomatch@4.0.2)
      picomatch: 4.0.2

  to-rotated@1.0.0: {}

  tsconfig-paths@4.2.0:
    dependencies:
      json5: 2.2.3
      minimist: 1.2.8
      strip-bom: 3.0.0

  tslib@2.8.1: {}

  type-fest@4.39.1: {}

  typescript@5.8.3: {}

  undici-types@6.21.0: {}

  which@2.0.2:
    dependencies:
      isexe: 2.0.0

  widest-line@5.0.0:
    dependencies:
      string-width: 7.2.0

  wrap-ansi@9.0.0:
    dependencies:
      ansi-styles: 6.2.1
      string-width: 7.2.0
      strip-ansi: 7.1.0

  ws@8.18.1: {}

  yoga-layout@3.2.1: {}
